{
    "name": "open-earth-view-viewer-earth3",
    "version": "0.0.2",
    "lockfileVersion": 1,
    "requires": true,
    "dependencies": {
        "three": {
            "version": "0.94.0",
            "resolved": "https://registry.npmjs.org/three/-/three-0.94.0.tgz",
            "integrity": "sha1-TObbfyv795wtc0RKpuPPwIoy12I="
        },
        "turf-centroid": {
            "version": "3.0.12",
            "resolved": "https://registry.npmjs.org/turf-centroid/-/turf-centroid-3.0.12.tgz",
            "integrity": "sha1-6u4NaYIEtX/DOZS7G8hnuNopP48=",
            "requires": {
                "turf-helpers": "3.0.12",
                "turf-meta": "3.0.12"
            }
        },
        "turf-helpers": {
            "version": "3.0.12",
            "resolved": "https://registry.npmjs.org/turf-helpers/-/turf-helpers-3.0.12.tgz",
            "integrity": "sha1-3UJy50s618lu7LeuXFf+jspUS3s="
        },
        "turf-meta": {
            "version": "3.0.12",
            "resolved": "https://registry.npmjs.org/turf-meta/-/turf-meta-3.0.12.tgz",
            "integrity": "sha1-CqmhyvgrKloI1U4IMLW1o/oOijg="
        }
    }
}
