{
  "name": "three-spline",
  "version": "1.0.0",
  "lockfileVersion": 1,
  "requires": true,
  "dependencies": {
    "@types/three": {
      "version": "0.93.4",
      "resolved": "https://registry.npmjs.org/@types/three/-/three-0.93.4.tgz",
      "integrity": "sha512-39yGI/s870c730jksA2dxlqAFRN3ASUoD8Ljob+CLAOnRKnAea+kr/cRdRx9zRMxS+hL/NSD8GUzN0XV6M3mFQ=="
    },
    "three": {
      "version": "0.97.0",
      "resolved": "https://registry.npmjs.org/three/-/three-0.97.0.tgz",
      "integrity": "sha512-ctZF79O1R2aMIDnz9cV5GUIONyFnYvfQKg4+EAwEVaEr1mgy99rglstH6hhRdIThu3SOa4Ns5da/Ee5fTbWc9A=="
    }
  }
}
