{
  "name": "chroma-test",
  "version": "1.0.0",
  "lockfileVersion": 1,
  "requires": true,
  "dependencies": {
    "chroma-js": {
      "version": "1.4.1",
      "resolved": "https://registry.npmjs.org/chroma-js/-/chroma-js-1.4.1.tgz",
      "integrity": "sha512-jTwQiT859RTFN/vIf7s+Vl/Z2LcMrvMv3WUFmd/4u76AdlFC0NTNgqEEFPcRiHmAswPsMiQEDZLM8vX8qXpZNQ=="
    }
  }
}
